// !$*UTF8*$!
{
	archiveVersion = 1;
	classes = {
	};
	objectVersion = 50;
	objects = {

/* Begin PBXBuildFile section */
		41100AC1248F997C0009B8E4 /* NotesView.swift in Sources */ = {isa = PBXBuildFile; fileRef = 41100AC0248F997C0009B8E4 /* NotesView.swift */; };
		4127296124C752C500EF972E /* ScaleDetailRow.swift in Sources */ = {isa = PBXBuildFile; fileRef = 4127296024C752C500EF972E /* ScaleDetailRow.swift */; };
		413BAEB824851EEA000BDF3C /* ViewBuilders.swift in Sources */ = {isa = PBXBuildFile; fileRef = 413BAEB724851EEA000BDF3C /* ViewBuilders.swift */; };
		413BAEBC24852A9C000BDF3C /* BandoneonColors.swift in Sources */ = {isa = PBXBuildFile; fileRef = 413BAEBB24852A9C000BDF3C /* BandoneonColors.swift */; };
		413BAEC02485996F000BDF3C /* BandoneonHSlide.swift in Sources */ = {isa = PBXBuildFile; fileRef = 413BAEBF2485996F000BDF3C /* BandoneonHSlide.swift */; };
		413BAEC424859A65000BDF3C /* Notes.swift in Sources */ = {isa = PBXBuildFile; fileRef = 413BAEC324859A65000BDF3C /* Notes.swift */; };
		415CF37C245057FD008D6E2A /* AppDelegate.swift in Sources */ = {isa = PBXBuildFile; fileRef = 415CF37B245057FD008D6E2A /* AppDelegate.swift */; };
		415CF37E245057FD008D6E2A /* SceneDelegate.swift in Sources */ = {isa = PBXBuildFile; fileRef = 415CF37D245057FD008D6E2A /* SceneDelegate.swift */; };
		415CF381245057FD008D6E2A /* MusicPractice.xcdatamodeld in Sources */ = {isa = PBXBuildFile; fileRef = 415CF37F245057FD008D6E2A /* MusicPractice.xcdatamodeld */; };
		415CF383245057FD008D6E2A /* ContentView.swift in Sources */ = {isa = PBXBuildFile; fileRef = 415CF382245057FD008D6E2A /* ContentView.swift */; };
		415CF38524505809008D6E2A /* Assets.xcassets in Resources */ = {isa = PBXBuildFile; fileRef = 415CF38424505809008D6E2A /* Assets.xcassets */; };
		415CF38824505809008D6E2A /* Preview Assets.xcassets in Resources */ = {isa = PBXBuildFile; fileRef = 415CF38724505809008D6E2A /* Preview Assets.xcassets */; };
		415CF38B24505809008D6E2A /* LaunchScreen.storyboard in Resources */ = {isa = PBXBuildFile; fileRef = 415CF38924505809008D6E2A /* LaunchScreen.storyboard */; };
		415CF39324505895008D6E2A /* PracticeSession.swift in Sources */ = {isa = PBXBuildFile; fileRef = 415CF39224505895008D6E2A /* PracticeSession.swift */; };
		415CF398245059AF008D6E2A /* Scale.swift in Sources */ = {isa = PBXBuildFile; fileRef = 415CF397245059AF008D6E2A /* Scale.swift */; };
		415CF39E24505DAA008D6E2A /* StopWatchView.swift in Sources */ = {isa = PBXBuildFile; fileRef = 415CF39D24505DAA008D6E2A /* StopWatchView.swift */; };
		4193FD82246D5ADB00542511 /* MusicPlayer.swift in Sources */ = {isa = PBXBuildFile; fileRef = 4193FD81246D5ADB00542511 /* MusicPlayer.swift */; };
		4193FD86246D918200542511 /* BandoneonView.swift in Sources */ = {isa = PBXBuildFile; fileRef = 4193FD85246D918200542511 /* BandoneonView.swift */; };
		4193FD88246D92D300542511 /* Bandoneon.swift in Sources */ = {isa = PBXBuildFile; fileRef = 4193FD87246D92D300542511 /* Bandoneon.swift */; };
		4193FD8A246FE04900542511 /* SessionListView.swift in Sources */ = {isa = PBXBuildFile; fileRef = 4193FD89246FE04900542511 /* SessionListView.swift */; };
		41984C03247E41C200A87D86 /* CloudTrack.swift in Sources */ = {isa = PBXBuildFile; fileRef = 41984C02247E41C200A87D86 /* CloudTrack.swift */; };
		41984C07247E544600A87D86 /* CloudTrackView.swift in Sources */ = {isa = PBXBuildFile; fileRef = 41984C06247E544600A87D86 /* CloudTrackView.swift */; };
		41984C0D247FE9B100A87D86 /* StudyView.swift in Sources */ = {isa = PBXBuildFile; fileRef = 41984C0C247FE9B100A87D86 /* StudyView.swift */; };
		41984C0F247FF3F700A87D86 /* KeyLayout.swift in Sources */ = {isa = PBXBuildFile; fileRef = 41984C0E247FF3F700A87D86 /* KeyLayout.swift */; };
		41984C112481809E00A87D86 /* AllBandoneonViews.swift in Sources */ = {isa = PBXBuildFile; fileRef = 41984C102481809D00A87D86 /* AllBandoneonViews.swift */; };
		41984C1324828AA000A87D86 /* MainMenuView.swift in Sources */ = {isa = PBXBuildFile; fileRef = 41984C1224828A9E00A87D86 /* MainMenuView.swift */; };
		41984C1524828C4400A87D86 /* EnumToggle.swift in Sources */ = {isa = PBXBuildFile; fileRef = 41984C1424828C4400A87D86 /* EnumToggle.swift */; };
		419F5D042450D76C0006576A /* StopWatchOld.swift in Sources */ = {isa = PBXBuildFile; fileRef = 419F5D032450D76C0006576A /* StopWatchOld.swift */; };
		419F5D122455A4680006576A /* PracticeScaleView.swift in Sources */ = {isa = PBXBuildFile; fileRef = 419F5D112455A4680006576A /* PracticeScaleView.swift */; };
		419F5D1624562D460006576A /* AudiotrackView.swift in Sources */ = {isa = PBXBuildFile; fileRef = 419F5D1524562D460006576A /* AudiotrackView.swift */; };
		419F5D18245630820006576A /* RecordingList.swift in Sources */ = {isa = PBXBuildFile; fileRef = 419F5D17245630820006576A /* RecordingList.swift */; };
		41BDB47624C764C4006AF893 /* StopWatchButtonExtension.swift in Sources */ = {isa = PBXBuildFile; fileRef = 41BDB47524C764C4006AF893 /* StopWatchButtonExtension.swift */; };
		41BDB47824C764D7006AF893 /* AVRecorderExtension.swift in Sources */ = {isa = PBXBuildFile; fileRef = 41BDB47724C764D7006AF893 /* AVRecorderExtension.swift */; };
		41BDB47D24C764F9006AF893 /* StopWatchModel.swift in Sources */ = {isa = PBXBuildFile; fileRef = 41BDB47A24C764F9006AF893 /* StopWatchModel.swift */; };
		41BDB47E24C764F9006AF893 /* AVRecording.swift in Sources */ = {isa = PBXBuildFile; fileRef = 41BDB47B24C764F9006AF893 /* AVRecording.swift */; };
		41BDB47F24C764F9006AF893 /* StopWatch.swift in Sources */ = {isa = PBXBuildFile; fileRef = 41BDB47C24C764F9006AF893 /* StopWatch.swift */; };
		41BDB48124C81035006AF893 /* MusicRecord.swift in Sources */ = {isa = PBXBuildFile; fileRef = 41BDB48024C81035006AF893 /* MusicRecord.swift */; };
		41E0B60F245D770900B650D7 /* LapsListView.swift in Sources */ = {isa = PBXBuildFile; fileRef = 41E0B60E245D770900B650D7 /* LapsListView.swift */; };
		41E0B611245D81E000B650D7 /* ButtonStyles.swift in Sources */ = {isa = PBXBuildFile; fileRef = 41E0B610245D81E000B650D7 /* ButtonStyles.swift */; };
		41E0B613245EC76500B650D7 /* Laps.swift in Sources */ = {isa = PBXBuildFile; fileRef = 41E0B612245EC76500B650D7 /* Laps.swift */; };
		41E1F5C72457024200183C7F /* Recording.swift in Sources */ = {isa = PBXBuildFile; fileRef = 41E1F5C62457024200183C7F /* Recording.swift */; };
		41E1F5C92457045500183C7F /* Helper.swift in Sources */ = {isa = PBXBuildFile; fileRef = 41E1F5C82457045500183C7F /* Helper.swift */; };
		41E1F5CB245714FC00183C7F /* AudioPlayer.swift in Sources */ = {isa = PBXBuildFile; fileRef = 41E1F5CA245714FC00183C7F /* AudioPlayer.swift */; };
		41E1F5CE2457311E00183C7F /* AudioRecorder.swift in Sources */ = {isa = PBXBuildFile; fileRef = 41E1F5CD2457311E00183C7F /* AudioRecorder.swift */; };
		41E1F5D02457361F00183C7F /* AudioTrackVisualizerView.swift in Sources */ = {isa = PBXBuildFile; fileRef = 41E1F5CF2457361F00183C7F /* AudioTrackVisualizerView.swift */; };
		41E1F5D224573A9E00183C7F /* SoundBarView.swift in Sources */ = {isa = PBXBuildFile; fileRef = 41E1F5D124573A9E00183C7F /* SoundBarView.swift */; };
		41E657B4245A16680066AD76 /* AudioTrackTimerView.swift in Sources */ = {isa = PBXBuildFile; fileRef = 41E657B3245A16680066AD76 /* AudioTrackTimerView.swift */; };
		41F2E3CD246C45CC005E58F2 /* ControlButtonsView.swift in Sources */ = {isa = PBXBuildFile; fileRef = 41F2E3CC246C45CC005E58F2 /* ControlButtonsView.swift */; };
/* End PBXBuildFile section */

/* Begin PBXFileReference section */
		41100AC0248F997C0009B8E4 /* NotesView.swift */ = {isa = PBXFileReference; lastKnownFileType = sourcecode.swift; path = NotesView.swift; sourceTree = "<group>"; };
		4127296024C752C500EF972E /* ScaleDetailRow.swift */ = {isa = PBXFileReference; lastKnownFileType = sourcecode.swift; path = ScaleDetailRow.swift; sourceTree = "<group>"; };
		413BAEB724851EEA000BDF3C /* ViewBuilders.swift */ = {isa = PBXFileReference; lastKnownFileType = sourcecode.swift; path = ViewBuilders.swift; sourceTree = "<group>"; };
		413BAEBB24852A9C000BDF3C /* BandoneonColors.swift */ = {isa = PBXFileReference; lastKnownFileType = sourcecode.swift; path = BandoneonColors.swift; sourceTree = "<group>"; };
		413BAEBF2485996F000BDF3C /* BandoneonHSlide.swift */ = {isa = PBXFileReference; lastKnownFileType = sourcecode.swift; path = BandoneonHSlide.swift; sourceTree = "<group>"; };
		413BAEC324859A65000BDF3C /* Notes.swift */ = {isa = PBXFileReference; lastKnownFileType = sourcecode.swift; path = Notes.swift; sourceTree = "<group>"; };
		415CF378245057FD008D6E2A /* MusicPractice.app */ = {isa = PBXFileReference; explicitFileType = wrapper.application; includeInIndex = 0; path = MusicPractice.app; sourceTree = BUILT_PRODUCTS_DIR; };
		415CF37B245057FD008D6E2A /* AppDelegate.swift */ = {isa = PBXFileReference; lastKnownFileType = sourcecode.swift; path = AppDelegate.swift; sourceTree = "<group>"; };
		415CF37D245057FD008D6E2A /* SceneDelegate.swift */ = {isa = PBXFileReference; lastKnownFileType = sourcecode.swift; path = SceneDelegate.swift; sourceTree = "<group>"; };
		415CF380245057FD008D6E2A /* MusicPractice.xcdatamodel */ = {isa = PBXFileReference; lastKnownFileType = wrapper.xcdatamodel; path = MusicPractice.xcdatamodel; sourceTree = "<group>"; };
		415CF382245057FD008D6E2A /* ContentView.swift */ = {isa = PBXFileReference; lastKnownFileType = sourcecode.swift; path = ContentView.swift; sourceTree = "<group>"; };
		415CF38424505809008D6E2A /* Assets.xcassets */ = {isa = PBXFileReference; lastKnownFileType = folder.assetcatalog; path = Assets.xcassets; sourceTree = "<group>"; };
		415CF38724505809008D6E2A /* Preview Assets.xcassets */ = {isa = PBXFileReference; lastKnownFileType = folder.assetcatalog; path = "Preview Assets.xcassets"; sourceTree = "<group>"; };
		415CF38A24505809008D6E2A /* Base */ = {isa = PBXFileReference; lastKnownFileType = file.storyboard; name = Base; path = Base.lproj/LaunchScreen.storyboard; sourceTree = "<group>"; };
		415CF38C24505809008D6E2A /* Info.plist */ = {isa = PBXFileReference; lastKnownFileType = text.plist.xml; path = Info.plist; sourceTree = "<group>"; };
		415CF39224505895008D6E2A /* PracticeSession.swift */ = {isa = PBXFileReference; lastKnownFileType = sourcecode.swift; path = PracticeSession.swift; sourceTree = "<group>"; };
		415CF397245059AF008D6E2A /* Scale.swift */ = {isa = PBXFileReference; lastKnownFileType = sourcecode.swift; path = Scale.swift; sourceTree = "<group>"; };
		415CF39D24505DAA008D6E2A /* StopWatchView.swift */ = {isa = PBXFileReference; lastKnownFileType = sourcecode.swift; path = StopWatchView.swift; sourceTree = "<group>"; };
		4193FD81246D5ADB00542511 /* MusicPlayer.swift */ = {isa = PBXFileReference; lastKnownFileType = sourcecode.swift; path = MusicPlayer.swift; sourceTree = "<group>"; };
		4193FD85246D918200542511 /* BandoneonView.swift */ = {isa = PBXFileReference; lastKnownFileType = sourcecode.swift; path = BandoneonView.swift; sourceTree = "<group>"; };
		4193FD87246D92D300542511 /* Bandoneon.swift */ = {isa = PBXFileReference; lastKnownFileType = sourcecode.swift; path = Bandoneon.swift; sourceTree = "<group>"; };
		4193FD89246FE04900542511 /* SessionListView.swift */ = {isa = PBXFileReference; lastKnownFileType = sourcecode.swift; path = SessionListView.swift; sourceTree = "<group>"; };
		41984C02247E41C200A87D86 /* CloudTrack.swift */ = {isa = PBXFileReference; lastKnownFileType = sourcecode.swift; path = CloudTrack.swift; sourceTree = "<group>"; };
		41984C06247E544600A87D86 /* CloudTrackView.swift */ = {isa = PBXFileReference; lastKnownFileType = sourcecode.swift; path = CloudTrackView.swift; sourceTree = "<group>"; };
		41984C0C247FE9B100A87D86 /* StudyView.swift */ = {isa = PBXFileReference; lastKnownFileType = sourcecode.swift; path = StudyView.swift; sourceTree = "<group>"; };
		41984C0E247FF3F700A87D86 /* KeyLayout.swift */ = {isa = PBXFileReference; lastKnownFileType = sourcecode.swift; path = KeyLayout.swift; sourceTree = "<group>"; };
		41984C102481809D00A87D86 /* AllBandoneonViews.swift */ = {isa = PBXFileReference; lastKnownFileType = sourcecode.swift; path = AllBandoneonViews.swift; sourceTree = "<group>"; };
		41984C1224828A9E00A87D86 /* MainMenuView.swift */ = {isa = PBXFileReference; lastKnownFileType = sourcecode.swift; path = MainMenuView.swift; sourceTree = "<group>"; };
		41984C1424828C4400A87D86 /* EnumToggle.swift */ = {isa = PBXFileReference; lastKnownFileType = sourcecode.swift; path = EnumToggle.swift; sourceTree = "<group>"; };
		419F5D032450D76C0006576A /* StopWatchOld.swift */ = {isa = PBXFileReference; lastKnownFileType = sourcecode.swift; path = StopWatchOld.swift; sourceTree = "<group>"; };
		419F5D112455A4680006576A /* PracticeScaleView.swift */ = {isa = PBXFileReference; lastKnownFileType = sourcecode.swift; path = PracticeScaleView.swift; sourceTree = "<group>"; };
		419F5D1524562D460006576A /* AudiotrackView.swift */ = {isa = PBXFileReference; lastKnownFileType = sourcecode.swift; path = AudiotrackView.swift; sourceTree = "<group>"; };
		419F5D17245630820006576A /* RecordingList.swift */ = {isa = PBXFileReference; lastKnownFileType = sourcecode.swift; path = RecordingList.swift; sourceTree = "<group>"; };
		41BDB47524C764C4006AF893 /* StopWatchButtonExtension.swift */ = {isa = PBXFileReference; fileEncoding = 4; lastKnownFileType = sourcecode.swift; path = StopWatchButtonExtension.swift; sourceTree = "<group>"; };
		41BDB47724C764D7006AF893 /* AVRecorderExtension.swift */ = {isa = PBXFileReference; fileEncoding = 4; lastKnownFileType = sourcecode.swift; path = AVRecorderExtension.swift; sourceTree = "<group>"; };
		41BDB47A24C764F9006AF893 /* StopWatchModel.swift */ = {isa = PBXFileReference; fileEncoding = 4; lastKnownFileType = sourcecode.swift; path = StopWatchModel.swift; sourceTree = "<group>"; };
		41BDB47B24C764F9006AF893 /* AVRecording.swift */ = {isa = PBXFileReference; fileEncoding = 4; lastKnownFileType = sourcecode.swift; path = AVRecording.swift; sourceTree = "<group>"; };
		41BDB47C24C764F9006AF893 /* StopWatch.swift */ = {isa = PBXFileReference; fileEncoding = 4; lastKnownFileType = sourcecode.swift; path = StopWatch.swift; sourceTree = "<group>"; };
		41BDB48024C81035006AF893 /* MusicRecord.swift */ = {isa = PBXFileReference; lastKnownFileType = sourcecode.swift; path = MusicRecord.swift; sourceTree = "<group>"; };
		41E0B60E245D770900B650D7 /* LapsListView.swift */ = {isa = PBXFileReference; lastKnownFileType = sourcecode.swift; path = LapsListView.swift; sourceTree = "<group>"; };
		41E0B610245D81E000B650D7 /* ButtonStyles.swift */ = {isa = PBXFileReference; lastKnownFileType = sourcecode.swift; path = ButtonStyles.swift; sourceTree = "<group>"; };
		41E0B612245EC76500B650D7 /* Laps.swift */ = {isa = PBXFileReference; lastKnownFileType = sourcecode.swift; path = Laps.swift; sourceTree = "<group>"; };
		41E1F5C62457024200183C7F /* Recording.swift */ = {isa = PBXFileReference; lastKnownFileType = sourcecode.swift; path = Recording.swift; sourceTree = "<group>"; };
		41E1F5C82457045500183C7F /* Helper.swift */ = {isa = PBXFileReference; lastKnownFileType = sourcecode.swift; path = Helper.swift; sourceTree = "<group>"; };
		41E1F5CA245714FC00183C7F /* AudioPlayer.swift */ = {isa = PBXFileReference; lastKnownFileType = sourcecode.swift; path = AudioPlayer.swift; sourceTree = "<group>"; };
		41E1F5CD2457311E00183C7F /* AudioRecorder.swift */ = {isa = PBXFileReference; lastKnownFileType = sourcecode.swift; path = AudioRecorder.swift; sourceTree = "<group>"; };
		41E1F5CF2457361F00183C7F /* AudioTrackVisualizerView.swift */ = {isa = PBXFileReference; lastKnownFileType = sourcecode.swift; path = AudioTrackVisualizerView.swift; sourceTree = "<group>"; };
		41E1F5D124573A9E00183C7F /* SoundBarView.swift */ = {isa = PBXFileReference; lastKnownFileType = sourcecode.swift; path = SoundBarView.swift; sourceTree = "<group>"; };
		41E657B3245A16680066AD76 /* AudioTrackTimerView.swift */ = {isa = PBXFileReference; lastKnownFileType = sourcecode.swift; path = AudioTrackTimerView.swift; sourceTree = "<group>"; };
		41F2E3CC246C45CC005E58F2 /* ControlButtonsView.swift */ = {isa = PBXFileReference; lastKnownFileType = sourcecode.swift; path = ControlButtonsView.swift; sourceTree = "<group>"; };
/* End PBXFileReference section */

/* Begin PBXFrameworksBuildPhase section */
		415CF375245057FD008D6E2A /* Frameworks */ = {
			isa = PBXFrameworksBuildPhase;
			buildActionMask = 2147483647;
			files = (
			);
			runOnlyForDeploymentPostprocessing = 0;
		};
/* End PBXFrameworksBuildPhase section */

/* Begin PBXGroup section */
		413BAEC124859998000BDF3C /* StopWatch */ = {
			isa = PBXGroup;
			children = (
				419F5D032450D76C0006576A /* StopWatchOld.swift */,
				41E0B610245D81E000B650D7 /* ButtonStyles.swift */,
				41E0B60E245D770900B650D7 /* LapsListView.swift */,
				41E0B612245EC76500B650D7 /* Laps.swift */,
				415CF39D24505DAA008D6E2A /* StopWatchView.swift */,
			);
			path = StopWatch;
			sourceTree = "<group>";
		};
		413BAEC2248599AD000BDF3C /* Control */ = {
			isa = PBXGroup;
			children = (
				41F2E3CC246C45CC005E58F2 /* ControlButtonsView.swift */,
			);
			path = Control;
			sourceTree = "<group>";
		};
		415CF36F245057FD008D6E2A = {
			isa = PBXGroup;
			children = (
				415CF39624505924008D6E2A /* Data and Helper */,
				415CF37A245057FD008D6E2A /* MusicPractice */,
				415CF379245057FD008D6E2A /* Products */,
			);
			sourceTree = "<group>";
		};
		415CF379245057FD008D6E2A /* Products */ = {
			isa = PBXGroup;
			children = (
				415CF378245057FD008D6E2A /* MusicPractice.app */,
			);
			name = Products;
			sourceTree = "<group>";
		};
		415CF37A245057FD008D6E2A /* MusicPractice */ = {
			isa = PBXGroup;
			children = (
				41BDB47924C764DF006AF893 /* New Group */,
				41984C0B247ECF3300A87D86 /* Instrument */,
				41984C1224828A9E00A87D86 /* MainMenuView.swift */,
				415CF37B245057FD008D6E2A /* AppDelegate.swift */,
				415CF37D245057FD008D6E2A /* SceneDelegate.swift */,
				415CF382245057FD008D6E2A /* ContentView.swift */,
				419F5D112455A4680006576A /* PracticeScaleView.swift */,
				413BAEC124859998000BDF3C /* StopWatch */,
				413BAEC2248599AD000BDF3C /* Control */,
				41E1F5CC245730B400183C7F /* AudioRecorder */,
				415CF38424505809008D6E2A /* Assets.xcassets */,
				415CF38924505809008D6E2A /* LaunchScreen.storyboard */,
				415CF38C24505809008D6E2A /* Info.plist */,
				415CF37F245057FD008D6E2A /* MusicPractice.xcdatamodeld */,
				415CF38624505809008D6E2A /* Preview Content */,
			);
			path = MusicPractice;
			sourceTree = "<group>";
		};
		415CF38624505809008D6E2A /* Preview Content */ = {
			isa = PBXGroup;
			children = (
				415CF38724505809008D6E2A /* Preview Assets.xcassets */,
			);
			path = "Preview Content";
			sourceTree = "<group>";
		};
		415CF39624505924008D6E2A /* Data and Helper */ = {
			isa = PBXGroup;
			children = (
				41984C1424828C4400A87D86 /* EnumToggle.swift */,
				41E1F5C82457045500183C7F /* Helper.swift */,
				415CF397245059AF008D6E2A /* Scale.swift */,
				413BAEC324859A65000BDF3C /* Notes.swift */,
				413BAEB724851EEA000BDF3C /* ViewBuilders.swift */,
			);
			path = "Data and Helper";
			sourceTree = "<group>";
		};
		41984C0B247ECF3300A87D86 /* Instrument */ = {
			isa = PBXGroup;
			children = (
				413BAEBB24852A9C000BDF3C /* BandoneonColors.swift */,
				41984C0E247FF3F700A87D86 /* KeyLayout.swift */,
				4193FD87246D92D300542511 /* Bandoneon.swift */,
				4193FD85246D918200542511 /* BandoneonView.swift */,
				413BAEBF2485996F000BDF3C /* BandoneonHSlide.swift */,
				41984C102481809D00A87D86 /* AllBandoneonViews.swift */,
				41984C0C247FE9B100A87D86 /* StudyView.swift */,
				4127296024C752C500EF972E /* ScaleDetailRow.swift */,
				41100AC0248F997C0009B8E4 /* NotesView.swift */,
			);
			path = Instrument;
			sourceTree = "<group>";
		};
		41BDB47924C764DF006AF893 /* New Group */ = {
			isa = PBXGroup;
			children = (
				41BDB48024C81035006AF893 /* MusicRecord.swift */,
				41BDB47B24C764F9006AF893 /* AVRecording.swift */,
				41BDB47C24C764F9006AF893 /* StopWatch.swift */,
				41BDB47A24C764F9006AF893 /* StopWatchModel.swift */,
				41BDB47724C764D7006AF893 /* AVRecorderExtension.swift */,
				41BDB47524C764C4006AF893 /* StopWatchButtonExtension.swift */,
			);
			path = "New Group";
			sourceTree = "<group>";
		};
		41E1F5CC245730B400183C7F /* AudioRecorder */ = {
			isa = PBXGroup;
			children = (
				41E657B3245A16680066AD76 /* AudioTrackTimerView.swift */,
				41E1F5CF2457361F00183C7F /* AudioTrackVisualizerView.swift */,
				415CF39224505895008D6E2A /* PracticeSession.swift */,
				4193FD89246FE04900542511 /* SessionListView.swift */,
				419F5D17245630820006576A /* RecordingList.swift */,
				41E1F5CD2457311E00183C7F /* AudioRecorder.swift */,
				41E1F5C62457024200183C7F /* Recording.swift */,
				41984C02247E41C200A87D86 /* CloudTrack.swift */,
				41984C06247E544600A87D86 /* CloudTrackView.swift */,
				41E1F5CA245714FC00183C7F /* AudioPlayer.swift */,
				4193FD81246D5ADB00542511 /* MusicPlayer.swift */,
				41E657B5245B17AD0066AD76 /* secondary Views */,
			);
			path = AudioRecorder;
			sourceTree = "<group>";
		};
		41E657B5245B17AD0066AD76 /* secondary Views */ = {
			isa = PBXGroup;
			children = (
				41E1F5D124573A9E00183C7F /* SoundBarView.swift */,
				419F5D1524562D460006576A /* AudiotrackView.swift */,
			);
			path = "secondary Views";
			sourceTree = "<group>";
		};
/* End PBXGroup section */

/* Begin PBXNativeTarget section */
		415CF377245057FD008D6E2A /* MusicPractice */ = {
			isa = PBXNativeTarget;
			buildConfigurationList = 415CF38F24505809008D6E2A /* Build configuration list for PBXNativeTarget "MusicPractice" */;
			buildPhases = (
				415CF374245057FD008D6E2A /* Sources */,
				415CF375245057FD008D6E2A /* Frameworks */,
				415CF376245057FD008D6E2A /* Resources */,
			);
			buildRules = (
			);
			dependencies = (
			);
			name = MusicPractice;
			productName = MusicPractice;
			productReference = 415CF378245057FD008D6E2A /* MusicPractice.app */;
			productType = "com.apple.product-type.application";
		};
/* End PBXNativeTarget section */

/* Begin PBXProject section */
		415CF370245057FD008D6E2A /* Project object */ = {
			isa = PBXProject;
			attributes = {
				LastSwiftUpdateCheck = 1140;
				LastUpgradeCheck = 1200;
				ORGANIZATIONNAME = "Alexander Völz";
				TargetAttributes = {
					415CF377245057FD008D6E2A = {
						CreatedOnToolsVersion = 11.4.1;
					};
				};
			};
			buildConfigurationList = 415CF373245057FD008D6E2A /* Build configuration list for PBXProject "MusicPractice" */;
			compatibilityVersion = "Xcode 9.3";
			developmentRegion = en;
			hasScannedForEncodings = 0;
			knownRegions = (
				en,
				Base,
			);
			mainGroup = 415CF36F245057FD008D6E2A;
			productRefGroup = 415CF379245057FD008D6E2A /* Products */;
			projectDirPath = "";
			projectRoot = "";
			targets = (
				415CF377245057FD008D6E2A /* MusicPractice */,
			);
		};
/* End PBXProject section */

/* Begin PBXResourcesBuildPhase section */
		415CF376245057FD008D6E2A /* Resources */ = {
			isa = PBXResourcesBuildPhase;
			buildActionMask = 2147483647;
			files = (
				415CF38B24505809008D6E2A /* LaunchScreen.storyboard in Resources */,
				415CF38824505809008D6E2A /* Preview Assets.xcassets in Resources */,
				415CF38524505809008D6E2A /* Assets.xcassets in Resources */,
			);
			runOnlyForDeploymentPostprocessing = 0;
		};
/* End PBXResourcesBuildPhase section */

/* Begin PBXSourcesBuildPhase section */
		415CF374245057FD008D6E2A /* Sources */ = {
			isa = PBXSourcesBuildPhase;
			buildActionMask = 2147483647;
			files = (
				4193FD88246D92D300542511 /* Bandoneon.swift in Sources */,
				415CF381245057FD008D6E2A /* MusicPractice.xcdatamodeld in Sources */,
				419F5D122455A4680006576A /* PracticeScaleView.swift in Sources */,
				41E1F5C92457045500183C7F /* Helper.swift in Sources */,
				41984C0D247FE9B100A87D86 /* StudyView.swift in Sources */,
				41E1F5D224573A9E00183C7F /* SoundBarView.swift in Sources */,
				415CF398245059AF008D6E2A /* Scale.swift in Sources */,
				41BDB47624C764C4006AF893 /* StopWatchButtonExtension.swift in Sources */,
				4193FD82246D5ADB00542511 /* MusicPlayer.swift in Sources */,
				4193FD86246D918200542511 /* BandoneonView.swift in Sources */,
				41BDB47824C764D7006AF893 /* AVRecorderExtension.swift in Sources */,
				41E0B613245EC76500B650D7 /* Laps.swift in Sources */,
				419F5D042450D76C0006576A /* StopWatchOld.swift in Sources */,
				4127296124C752C500EF972E /* ScaleDetailRow.swift in Sources */,
				41984C0F247FF3F700A87D86 /* KeyLayout.swift in Sources */,
				41984C1324828AA000A87D86 /* MainMenuView.swift in Sources */,
				41E657B4245A16680066AD76 /* AudioTrackTimerView.swift in Sources */,
				41984C03247E41C200A87D86 /* CloudTrack.swift in Sources */,
				41F2E3CD246C45CC005E58F2 /* ControlButtonsView.swift in Sources */,
				419F5D18245630820006576A /* RecordingList.swift in Sources */,
				41BDB48124C81035006AF893 /* MusicRecord.swift in Sources */,
				419F5D1624562D460006576A /* AudiotrackView.swift in Sources */,
				41E0B611245D81E000B650D7 /* ButtonStyles.swift in Sources */,
				41E1F5C72457024200183C7F /* Recording.swift in Sources */,
				41BDB47F24C764F9006AF893 /* StopWatch.swift in Sources */,
				413BAEBC24852A9C000BDF3C /* BandoneonColors.swift in Sources */,
				4193FD8A246FE04900542511 /* SessionListView.swift in Sources */,
				41E1F5CE2457311E00183C7F /* AudioRecorder.swift in Sources */,
				41E0B60F245D770900B650D7 /* LapsListView.swift in Sources */,
				413BAEB824851EEA000BDF3C /* ViewBuilders.swift in Sources */,
				415CF37C245057FD008D6E2A /* AppDelegate.swift in Sources */,
				41BDB47D24C764F9006AF893 /* StopWatchModel.swift in Sources */,
				41E1F5CB245714FC00183C7F /* AudioPlayer.swift in Sources */,
				413BAEC424859A65000BDF3C /* Notes.swift in Sources */,
				41BDB47E24C764F9006AF893 /* AVRecording.swift in Sources */,
				41984C112481809E00A87D86 /* AllBandoneonViews.swift in Sources */,
				415CF383245057FD008D6E2A /* ContentView.swift in Sources */,
				415CF39324505895008D6E2A /* PracticeSession.swift in Sources */,
				415CF37E245057FD008D6E2A /* SceneDelegate.swift in Sources */,
				41984C1524828C4400A87D86 /* EnumToggle.swift in Sources */,
				415CF39E24505DAA008D6E2A /* StopWatchView.swift in Sources */,
				41100AC1248F997C0009B8E4 /* NotesView.swift in Sources */,
				41984C07247E544600A87D86 /* CloudTrackView.swift in Sources */,
				41E1F5D02457361F00183C7F /* AudioTrackVisualizerView.swift in Sources */,
				413BAEC02485996F000BDF3C /* BandoneonHSlide.swift in Sources */,
			);
			runOnlyForDeploymentPostprocessing = 0;
		};
/* End PBXSourcesBuildPhase section */

/* Begin PBXVariantGroup section */
		415CF38924505809008D6E2A /* LaunchScreen.storyboard */ = {
			isa = PBXVariantGroup;
			children = (
				415CF38A24505809008D6E2A /* Base */,
			);
			name = LaunchScreen.storyboard;
			sourceTree = "<group>";
		};
/* End PBXVariantGroup section */

/* Begin XCBuildConfiguration section */
		415CF38D24505809008D6E2A /* Debug */ = {
			isa = XCBuildConfiguration;
			buildSettings = {
				ALWAYS_SEARCH_USER_PATHS = NO;
				CLANG_ANALYZER_NONNULL = YES;
				CLANG_ANALYZER_NUMBER_OBJECT_CONVERSION = YES_AGGRESSIVE;
				CLANG_CXX_LANGUAGE_STANDARD = "gnu++14";
				CLANG_CXX_LIBRARY = "libc++";
				CLANG_ENABLE_MODULES = YES;
				CLANG_ENABLE_OBJC_ARC = YES;
				CLANG_ENABLE_OBJC_WEAK = YES;
				CLANG_WARN_BLOCK_CAPTURE_AUTORELEASING = YES;
				CLANG_WARN_BOOL_CONVERSION = YES;
				CLANG_WARN_COMMA = YES;
				CLANG_WARN_CONSTANT_CONVERSION = YES;
				CLANG_WARN_DEPRECATED_OBJC_IMPLEMENTATIONS = YES;
				CLANG_WARN_DIRECT_OBJC_ISA_USAGE = YES_ERROR;
				CLANG_WARN_DOCUMENTATION_COMMENTS = YES;
				CLANG_WARN_EMPTY_BODY = YES;
				CLANG_WARN_ENUM_CONVERSION = YES;
				CLANG_WARN_INFINITE_RECURSION = YES;
				CLANG_WARN_INT_CONVERSION = YES;
				CLANG_WARN_NON_LITERAL_NULL_CONVERSION = YES;
				CLANG_WARN_OBJC_IMPLICIT_RETAIN_SELF = YES;
				CLANG_WARN_OBJC_LITERAL_CONVERSION = YES;
				CLANG_WARN_OBJC_ROOT_CLASS = YES_ERROR;
				CLANG_WARN_QUOTED_INCLUDE_IN_FRAMEWORK_HEADER = YES;
				CLANG_WARN_RANGE_LOOP_ANALYSIS = YES;
				CLANG_WARN_STRICT_PROTOTYPES = YES;
				CLANG_WARN_SUSPICIOUS_MOVE = YES;
				CLANG_WARN_UNGUARDED_AVAILABILITY = YES_AGGRESSIVE;
				CLANG_WARN_UNREACHABLE_CODE = YES;
				CLANG_WARN__DUPLICATE_METHOD_MATCH = YES;
				COPY_PHASE_STRIP = NO;
				DEBUG_INFORMATION_FORMAT = dwarf;
				ENABLE_STRICT_OBJC_MSGSEND = YES;
				ENABLE_TESTABILITY = YES;
				GCC_C_LANGUAGE_STANDARD = gnu11;
				GCC_DYNAMIC_NO_PIC = NO;
				GCC_NO_COMMON_BLOCKS = YES;
				GCC_OPTIMIZATION_LEVEL = 0;
				GCC_PREPROCESSOR_DEFINITIONS = (
					"DEBUG=1",
					"$(inherited)",
				);
				GCC_WARN_64_TO_32_BIT_CONVERSION = YES;
				GCC_WARN_ABOUT_RETURN_TYPE = YES_ERROR;
				GCC_WARN_UNDECLARED_SELECTOR = YES;
				GCC_WARN_UNINITIALIZED_AUTOS = YES_AGGRESSIVE;
				GCC_WARN_UNUSED_FUNCTION = YES;
				GCC_WARN_UNUSED_VARIABLE = YES;
				IPHONEOS_DEPLOYMENT_TARGET = 13.4;
				MTL_ENABLE_DEBUG_INFO = INCLUDE_SOURCE;
				MTL_FAST_MATH = YES;
				ONLY_ACTIVE_ARCH = YES;
				SDKROOT = iphoneos;
				SWIFT_ACTIVE_COMPILATION_CONDITIONS = DEBUG;
				SWIFT_OPTIMIZATION_LEVEL = "-Onone";
			};
			name = Debug;
		};
		415CF38E24505809008D6E2A /* Release */ = {
			isa = XCBuildConfiguration;
			buildSettings = {
				ALWAYS_SEARCH_USER_PATHS = NO;
				CLANG_ANALYZER_NONNULL = YES;
				CLANG_ANALYZER_NUMBER_OBJECT_CONVERSION = YES_AGGRESSIVE;
				CLANG_CXX_LANGUAGE_STANDARD = "gnu++14";
				CLANG_CXX_LIBRARY = "libc++";
				CLANG_ENABLE_MODULES = YES;
				CLANG_ENABLE_OBJC_ARC = YES;
				CLANG_ENABLE_OBJC_WEAK = YES;
				CLANG_WARN_BLOCK_CAPTURE_AUTORELEASING = YES;
				CLANG_WARN_BOOL_CONVERSION = YES;
				CLANG_WARN_COMMA = YES;
				CLANG_WARN_CONSTANT_CONVERSION = YES;
				CLANG_WARN_DEPRECATED_OBJC_IMPLEMENTATIONS = YES;
				CLANG_WARN_DIRECT_OBJC_ISA_USAGE = YES_ERROR;
				CLANG_WARN_DOCUMENTATION_COMMENTS = YES;
				CLANG_WARN_EMPTY_BODY = YES;
				CLANG_WARN_ENUM_CONVERSION = YES;
				CLANG_WARN_INFINITE_RECURSION = YES;
				CLANG_WARN_INT_CONVERSION = YES;
				CLANG_WARN_NON_LITERAL_NULL_CONVERSION = YES;
				CLANG_WARN_OBJC_IMPLICIT_RETAIN_SELF = YES;
				CLANG_WARN_OBJC_LITERAL_CONVERSION = YES;
				CLANG_WARN_OBJC_ROOT_CLASS = YES_ERROR;
				CLANG_WARN_QUOTED_INCLUDE_IN_FRAMEWORK_HEADER = YES;
				CLANG_WARN_RANGE_LOOP_ANALYSIS = YES;
				CLANG_WARN_STRICT_PROTOTYPES = YES;
				CLANG_WARN_SUSPICIOUS_MOVE = YES;
				CLANG_WARN_UNGUARDED_AVAILABILITY = YES_AGGRESSIVE;
				CLANG_WARN_UNREACHABLE_CODE = YES;
				CLANG_WARN__DUPLICATE_METHOD_MATCH = YES;
				COPY_PHASE_STRIP = NO;
				DEBUG_INFORMATION_FORMAT = "dwarf-with-dsym";
				ENABLE_NS_ASSERTIONS = NO;
				ENABLE_STRICT_OBJC_MSGSEND = YES;
				GCC_C_LANGUAGE_STANDARD = gnu11;
				GCC_NO_COMMON_BLOCKS = YES;
				GCC_WARN_64_TO_32_BIT_CONVERSION = YES;
				GCC_WARN_ABOUT_RETURN_TYPE = YES_ERROR;
				GCC_WARN_UNDECLARED_SELECTOR = YES;
				GCC_WARN_UNINITIALIZED_AUTOS = YES_AGGRESSIVE;
				GCC_WARN_UNUSED_FUNCTION = YES;
				GCC_WARN_UNUSED_VARIABLE = YES;
				IPHONEOS_DEPLOYMENT_TARGET = 13.4;
				MTL_ENABLE_DEBUG_INFO = NO;
				MTL_FAST_MATH = YES;
				SDKROOT = iphoneos;
				SWIFT_COMPILATION_MODE = wholemodule;
				SWIFT_OPTIMIZATION_LEVEL = "-O";
				VALIDATE_PRODUCT = YES;
			};
			name = Release;
		};
		415CF39024505809008D6E2A /* Debug */ = {
			isa = XCBuildConfiguration;
			buildSettings = {
				ASSETCATALOG_COMPILER_APPICON_NAME = AppIcon;
				CODE_SIGN_STYLE = Automatic;
				DEVELOPMENT_ASSET_PATHS = "\"MusicPractice/Preview Content\"";
				DEVELOPMENT_TEAM = 2NBB26789S;
				ENABLE_PREVIEWS = YES;
				INFOPLIST_FILE = MusicPractice/Info.plist;
				LD_RUNPATH_SEARCH_PATHS = (
					"$(inherited)",
					"@executable_path/Frameworks",
				);
				PRODUCT_BUNDLE_IDENTIFIER = av.MusicPractice;
				PRODUCT_NAME = "$(TARGET_NAME)";
				SWIFT_VERSION = 5.0;
				TARGETED_DEVICE_FAMILY = "1,2";
			};
			name = Debug;
		};
		415CF39124505809008D6E2A /* Release */ = {
			isa = XCBuildConfiguration;
			buildSettings = {
				ASSETCATALOG_COMPILER_APPICON_NAME = AppIcon;
				CODE_SIGN_STYLE = Automatic;
				DEVELOPMENT_ASSET_PATHS = "\"MusicPractice/Preview Content\"";
				DEVELOPMENT_TEAM = 2NBB26789S;
				ENABLE_PREVIEWS = YES;
				INFOPLIST_FILE = MusicPractice/Info.plist;
				LD_RUNPATH_SEARCH_PATHS = (
					"$(inherited)",
					"@executable_path/Frameworks",
				);
				PRODUCT_BUNDLE_IDENTIFIER = av.MusicPractice;
				PRODUCT_NAME = "$(TARGET_NAME)";
				SWIFT_VERSION = 5.0;
				TARGETED_DEVICE_FAMILY = "1,2";
			};
			name = Release;
		};
/* End XCBuildConfiguration section */

/* Begin XCConfigurationList section */
		415CF373245057FD008D6E2A /* Build configuration list for PBXProject "MusicPractice" */ = {
			isa = XCConfigurationList;
			buildConfigurations = (
				415CF38D24505809008D6E2A /* Debug */,
				415CF38E24505809008D6E2A /* Release */,
			);
			defaultConfigurationIsVisible = 0;
			defaultConfigurationName = Release;
		};
		415CF38F24505809008D6E2A /* Build configuration list for PBXNativeTarget "MusicPractice" */ = {
			isa = XCConfigurationList;
			buildConfigurations = (
				415CF39024505809008D6E2A /* Debug */,
				415CF39124505809008D6E2A /* Release */,
			);
			defaultConfigurationIsVisible = 0;
			defaultConfigurationName = Release;
		};
/* End XCConfigurationList section */

/* Begin XCVersionGroup section */
		415CF37F245057FD008D6E2A /* MusicPractice.xcdatamodeld */ = {
			isa = XCVersionGroup;
			children = (
				415CF380245057FD008D6E2A /* MusicPractice.xcdatamodel */,
			);
			currentVersion = 415CF380245057FD008D6E2A /* MusicPractice.xcdatamodel */;
			path = MusicPractice.xcdatamodeld;
			sourceTree = "<group>";
			versionGroupType = wrapper.xcdatamodel;
		};
/* End XCVersionGroup section */
	};
	rootObject = 415CF370245057FD008D6E2A /* Project object */;
}
